
Microsoft Visual Studio Solution File, Format Version 12.00
# Visual Studio 15
VisualStudioVersion = 15.0.26403.7
MinimumVisualStudioVersion = 10.0.40219.1
Project("{FAE04EC0-301F-11D3-BF4B-00C04F79EFBC}") = "CircumfTristanR", "CircumfTristanR\CircumfTristanR.csproj", "{AA61A40F-FD4B-487D-9F82-C872FFE7FCAB}"
EndProject
Global
	GlobalSection(SolutionConfigurationPlatforms) = preSolution
		Debug|Any CPU = Debug|Any CPU
		Release|Any CPU = Release|Any CPU
	EndGlobalSection
	GlobalSection(ProjectConfigurationPlatforms) = postSolution
		{AA61A40F-FD4B-487D-9F82-C872FFE7FCAB}.Debug|Any CPU.ActiveCfg = Debug|Any CPU
		{AA61A40F-FD4B-487D-9F82-C872FFE7FCAB}.Debug|Any CPU.Build.0 = Debug|Any CPU
		{AA61A40F-FD4B-487D-9F82-C872FFE7FCAB}.Release|Any CPU.ActiveCfg = Release|Any CPU
		{AA61A40F-FD4B-487D-9F82-C872FFE7FCAB}.Release|Any CPU.Build.0 = Release|Any CPU
	EndGlobalSection
	GlobalSection(SolutionProperties) = preSolution
		HideSolutionNode = FALSE
	EndGlobalSection
EndGlobal
